
Microsoft Visual Studio Solution File, Format Version 12.00
# Visual Studio Version 16
VisualStudioVersion = 16.0.30011.22
MinimumVisualStudioVersion = 10.0.40219.1
Project("{888888A0-9F3D-457C-B088-3A5042F75D52}") = "LLGMN", "LLGMN\LLGMN.pyproj", "{A1ED6113-C7AB-435D-AFFE-E340DB0F31B3}"
EndProject
Global
	GlobalSection(SolutionConfigurationPlatforms) = preSolution
		Debug|Any CPU = Debug|Any CPU
		Release|Any CPU = Release|Any CPU
	EndGlobalSection
	GlobalSection(ProjectConfigurationPlatforms) = postSolution
		{A1ED6113-C7AB-435D-AFFE-E340DB0F31B3}.Debug|Any CPU.ActiveCfg = Debug|Any CPU
		{A1ED6113-C7AB-435D-AFFE-E340DB0F31B3}.Release|Any CPU.ActiveCfg = Release|Any CPU
	EndGlobalSection
	GlobalSection(SolutionProperties) = preSolution
		HideSolutionNode = FALSE
	EndGlobalSection
	GlobalSection(ExtensibilityGlobals) = postSolution
		SolutionGuid = {E08AE3FF-6394-440F-A693-7681E3C42BF2}
	EndGlobalSection
EndGlobal
