
Microsoft Visual Studio Solution File, Format Version 12.00
# Visual Studio Version 16
VisualStudioVersion = 16.0.30011.22
MinimumVisualStudioVersion = 10.0.40219.1
Project("{888888A0-9F3D-457C-B088-3A5042F75D52}") = "NN", "NN\NN.pyproj", "{DF14DC4B-18DC-4438-B6AA-9D41E747DC46}"
EndProject
Global
	GlobalSection(SolutionConfigurationPlatforms) = preSolution
		Debug|Any CPU = Debug|Any CPU
		Release|Any CPU = Release|Any CPU
	EndGlobalSection
	GlobalSection(ProjectConfigurationPlatforms) = postSolution
		{DF14DC4B-18DC-4438-B6AA-9D41E747DC46}.Debug|Any CPU.ActiveCfg = Debug|Any CPU
		{DF14DC4B-18DC-4438-B6AA-9D41E747DC46}.Release|Any CPU.ActiveCfg = Release|Any CPU
	EndGlobalSection
	GlobalSection(SolutionProperties) = preSolution
		HideSolutionNode = FALSE
	EndGlobalSection
	GlobalSection(ExtensibilityGlobals) = postSolution
		SolutionGuid = {3C693FE8-D8AE-46B7-BC3A-1A9F11705000}
	EndGlobalSection
EndGlobal
